// !$*UTF8*$!
{
	archiveVersion = 1;
	classes = {
	};
	objectVersion = 46;
	objects = {

/* Begin PBXBuildFile section */
		197D7EBF1D10574400646FF0 /* AppDelegate.swift in Sources */ = {isa = PBXBuildFile; fileRef = 197D7EBE1D10574400646FF0 /* AppDelegate.swift */; };
		197D7EC11D10574400646FF0 /* ViewController.swift in Sources */ = {isa = PBXBuildFile; fileRef = 197D7EC01D10574400646FF0 /* ViewController.swift */; };
		197D7EC41D10574400646FF0 /* Main.storyboard in Resources */ = {isa = PBXBuildFile; fileRef = 197D7EC21D10574400646FF0 /* Main.storyboard */; };
		197D7EC61D10574400646FF0 /* Assets.xcassets in Resources */ = {isa = PBXBuildFile; fileRef = 197D7EC51D10574400646FF0 /* Assets.xcassets */; };
		197D7EC91D10574400646FF0 /* LaunchScreen.storyboard in Resources */ = {isa = PBXBuildFile; fileRef = 197D7EC71D10574400646FF0 /* LaunchScreen.storyboard */; };
		197D7ED41D10574400646FF0 /* stopwatchTests.swift in Sources */ = {isa = PBXBuildFile; fileRef = 197D7ED31D10574400646FF0 /* stopwatchTests.swift */; };
		1995B2BF1D119B2A006C57C5 /* ClockFace.swift in Sources */ = {isa = PBXBuildFile; fileRef = 1995B2BE1D119B2A006C57C5 /* ClockFace.swift */; };
		1995B2C11D12B679006C57C5 /* Timer.swift in Sources */ = {isa = PBXBuildFile; fileRef = 1995B2C01D12B679006C57C5 /* Timer.swift */; };
		1995B2C31D12CDE6006C57C5 /* Extensions.swift in Sources */ = {isa = PBXBuildFile; fileRef = 1995B2C21D12CDE6006C57C5 /* Extensions.swift */; };
/* End PBXBuildFile section */

/* Begin PBXContainerItemProxy section */
		197D7ED01D10574400646FF0 /* PBXContainerItemProxy */ = {
			isa = PBXContainerItemProxy;
			containerPortal = 197D7EB31D10574400646FF0 /* Project object */;
			proxyType = 1;
			remoteGlobalIDString = 197D7EBA1D10574400646FF0;
			remoteInfo = stopwatch;
		};
/* End PBXContainerItemProxy section */

/* Begin PBXFileReference section */
		197D7EBB1D10574400646FF0 /* stopwatch.app */ = {isa = PBXFileReference; explicitFileType = wrapper.application; includeInIndex = 0; path = stopwatch.app; sourceTree = BUILT_PRODUCTS_DIR; };
		197D7EBE1D10574400646FF0 /* AppDelegate.swift */ = {isa = PBXFileReference; lastKnownFileType = sourcecode.swift; path = AppDelegate.swift; sourceTree = "<group>"; };
		197D7EC01D10574400646FF0 /* ViewController.swift */ = {isa = PBXFileReference; lastKnownFileType = sourcecode.swift; path = ViewController.swift; sourceTree = "<group>"; };
		197D7EC31D10574400646FF0 /* Base */ = {isa = PBXFileReference; lastKnownFileType = file.storyboard; name = Base; path = Base.lproj/Main.storyboard; sourceTree = "<group>"; };
		197D7EC51D10574400646FF0 /* Assets.xcassets */ = {isa = PBXFileReference; lastKnownFileType = folder.assetcatalog; path = Assets.xcassets; sourceTree = "<group>"; };
		197D7EC81D10574400646FF0 /* Base */ = {isa = PBXFileReference; lastKnownFileType = file.storyboard; name = Base; path = Base.lproj/LaunchScreen.storyboard; sourceTree = "<group>"; };
		197D7ECA1D10574400646FF0 /* Info.plist */ = {isa = PBXFileReference; lastKnownFileType = text.plist.xml; path = Info.plist; sourceTree = "<group>"; };
		197D7ECF1D10574400646FF0 /* stopwatchTests.xctest */ = {isa = PBXFileReference; explicitFileType = wrapper.cfbundle; includeInIndex = 0; path = stopwatchTests.xctest; sourceTree = BUILT_PRODUCTS_DIR; };
		197D7ED31D10574400646FF0 /* stopwatchTests.swift */ = {isa = PBXFileReference; lastKnownFileType = sourcecode.swift; path = stopwatchTests.swift; sourceTree = "<group>"; };
		197D7ED51D10574400646FF0 /* Info.plist */ = {isa = PBXFileReference; lastKnownFileType = text.plist.xml; path = Info.plist; sourceTree = "<group>"; };
		1995B2BE1D119B2A006C57C5 /* ClockFace.swift */ = {isa = PBXFileReference; fileEncoding = 4; lastKnownFileType = sourcecode.swift; path = ClockFace.swift; sourceTree = "<group>"; };
		1995B2C01D12B679006C57C5 /* Timer.swift */ = {isa = PBXFileReference; fileEncoding = 4; lastKnownFileType = sourcecode.swift; path = Timer.swift; sourceTree = "<group>"; };
		1995B2C21D12CDE6006C57C5 /* Extensions.swift */ = {isa = PBXFileReference; fileEncoding = 4; lastKnownFileType = sourcecode.swift; path = Extensions.swift; sourceTree = "<group>"; };
/* End PBXFileReference section */

/* Begin PBXFrameworksBuildPhase section */
		197D7EB81D10574400646FF0 /* Frameworks */ = {
			isa = PBXFrameworksBuildPhase;
			buildActionMask = 2147483647;
			files = (
			);
			runOnlyForDeploymentPostprocessing = 0;
		};
		197D7ECC1D10574400646FF0 /* Frameworks */ = {
			isa = PBXFrameworksBuildPhase;
			buildActionMask = 2147483647;
			files = (
			);
			runOnlyForDeploymentPostprocessing = 0;
		};
/* End PBXFrameworksBuildPhase section */

/* Begin PBXGroup section */
		197D7EB21D10574400646FF0 = {
			isa = PBXGroup;
			children = (
				197D7EBD1D10574400646FF0 /* stopwatch */,
				197D7ED21D10574400646FF0 /* stopwatchTests */,
				197D7EBC1D10574400646FF0 /* Products */,
			);
			sourceTree = "<group>";
		};
		197D7EBC1D10574400646FF0 /* Products */ = {
			isa = PBXGroup;
			children = (
				197D7EBB1D10574400646FF0 /* stopwatch.app */,
				197D7ECF1D10574400646FF0 /* stopwatchTests.xctest */,
			);
			name = Products;
			sourceTree = "<group>";
		};
		197D7EBD1D10574400646FF0 /* stopwatch */ = {
			isa = PBXGroup;
			children = (
				197D7EBE1D10574400646FF0 /* AppDelegate.swift */,
				197D7EC01D10574400646FF0 /* ViewController.swift */,
				1995B2C21D12CDE6006C57C5 /* Extensions.swift */,
				197D7EC21D10574400646FF0 /* Main.storyboard */,
				197D7EC51D10574400646FF0 /* Assets.xcassets */,
				197D7EC71D10574400646FF0 /* LaunchScreen.storyboard */,
				197D7ECA1D10574400646FF0 /* Info.plist */,
				1995B2BE1D119B2A006C57C5 /* ClockFace.swift */,
				1995B2C01D12B679006C57C5 /* Timer.swift */,
			);
			path = stopwatch;
			sourceTree = "<group>";
		};
		197D7ED21D10574400646FF0 /* stopwatchTests */ = {
			isa = PBXGroup;
			children = (
				197D7ED31D10574400646FF0 /* stopwatchTests.swift */,
				197D7ED51D10574400646FF0 /* Info.plist */,
			);
			path = stopwatchTests;
			sourceTree = "<group>";
		};
/* End PBXGroup section */

/* Begin PBXNativeTarget section */
		197D7EBA1D10574400646FF0 /* stopwatch */ = {
			isa = PBXNativeTarget;
			buildConfigurationList = 197D7ED81D10574400646FF0 /* Build configuration list for PBXNativeTarget "stopwatch" */;
			buildPhases = (
				197D7EB71D10574400646FF0 /* Sources */,
				197D7EB81D10574400646FF0 /* Frameworks */,
				197D7EB91D10574400646FF0 /* Resources */,
			);
			buildRules = (
			);
			dependencies = (
			);
			name = stopwatch;
			productName = stopwatch;
			productReference = 197D7EBB1D10574400646FF0 /* stopwatch.app */;
			productType = "com.apple.product-type.application";
		};
		197D7ECE1D10574400646FF0 /* stopwatchTests */ = {
			isa = PBXNativeTarget;
			buildConfigurationList = 197D7EDB1D10574400646FF0 /* Build configuration list for PBXNativeTarget "stopwatchTests" */;
			buildPhases = (
				197D7ECB1D10574400646FF0 /* Sources */,
				197D7ECC1D10574400646FF0 /* Frameworks */,
				197D7ECD1D10574400646FF0 /* Resources */,
			);
			buildRules = (
			);
			dependencies = (
				197D7ED11D10574400646FF0 /* PBXTargetDependency */,
			);
			name = stopwatchTests;
			productName = stopwatchTests;
			productReference = 197D7ECF1D10574400646FF0 /* stopwatchTests.xctest */;
			productType = "com.apple.product-type.bundle.unit-test";
		};
/* End PBXNativeTarget section */

/* Begin PBXProject section */
		197D7EB31D10574400646FF0 /* Project object */ = {
			isa = PBXProject;
			attributes = {
				LastSwiftUpdateCheck = 0730;
				LastUpgradeCheck = 0730;
				ORGANIZATIONNAME = Toggl;
				TargetAttributes = {
					197D7EBA1D10574400646FF0 = {
						CreatedOnToolsVersion = 7.3;
					};
					197D7ECE1D10574400646FF0 = {
						CreatedOnToolsVersion = 7.3;
						TestTargetID = 197D7EBA1D10574400646FF0;
					};
				};
			};
			buildConfigurationList = 197D7EB61D10574400646FF0 /* Build configuration list for PBXProject "stopwatch" */;
			compatibilityVersion = "Xcode 3.2";
			developmentRegion = English;
			hasScannedForEncodings = 0;
			knownRegions = (
				en,
				Base,
			);
			mainGroup = 197D7EB21D10574400646FF0;
			productRefGroup = 197D7EBC1D10574400646FF0 /* Products */;
			projectDirPath = "";
			projectRoot = "";
			targets = (
				197D7EBA1D10574400646FF0 /* stopwatch */,
				197D7ECE1D10574400646FF0 /* stopwatchTests */,
			);
		};
/* End PBXProject section */

/* Begin PBXResourcesBuildPhase section */
		197D7EB91D10574400646FF0 /* Resources */ = {
			isa = PBXResourcesBuildPhase;
			buildActionMask = 2147483647;
			files = (
				197D7EC91D10574400646FF0 /* LaunchScreen.storyboard in Resources */,
				197D7EC61D10574400646FF0 /* Assets.xcassets in Resources */,
				197D7EC41D10574400646FF0 /* Main.storyboard in Resources */,
			);
			runOnlyForDeploymentPostprocessing = 0;
		};
		197D7ECD1D10574400646FF0 /* Resources */ = {
			isa = PBXResourcesBuildPhase;
			buildActionMask = 2147483647;
			files = (
			);
			runOnlyForDeploymentPostprocessing = 0;
		};
/* End PBXResourcesBuildPhase section */

/* Begin PBXSourcesBuildPhase section */
		197D7EB71D10574400646FF0 /* Sources */ = {
			isa = PBXSourcesBuildPhase;
			buildActionMask = 2147483647;
			files = (
				1995B2C31D12CDE6006C57C5 /* Extensions.swift in Sources */,
				197D7EC11D10574400646FF0 /* ViewController.swift in Sources */,
				1995B2BF1D119B2A006C57C5 /* ClockFace.swift in Sources */,
				197D7EBF1D10574400646FF0 /* AppDelegate.swift in Sources */,
				1995B2C11D12B679006C57C5 /* Timer.swift in Sources */,
			);
			runOnlyForDeploymentPostprocessing = 0;
		};
		197D7ECB1D10574400646FF0 /* Sources */ = {
			isa = PBXSourcesBuildPhase;
			buildActionMask = 2147483647;
			files = (
				197D7ED41D10574400646FF0 /* stopwatchTests.swift in Sources */,
			);
			runOnlyForDeploymentPostprocessing = 0;
		};
/* End PBXSourcesBuildPhase section */

/* Begin PBXTargetDependency section */
		197D7ED11D10574400646FF0 /* PBXTargetDependency */ = {
			isa = PBXTargetDependency;
			target = 197D7EBA1D10574400646FF0 /* stopwatch */;
			targetProxy = 197D7ED01D10574400646FF0 /* PBXContainerItemProxy */;
		};
/* End PBXTargetDependency section */

/* Begin PBXVariantGroup section */
		197D7EC21D10574400646FF0 /* Main.storyboard */ = {
			isa = PBXVariantGroup;
			children = (
				197D7EC31D10574400646FF0 /* Base */,
			);
			name = Main.storyboard;
			sourceTree = "<group>";
		};
		197D7EC71D10574400646FF0 /* LaunchScreen.storyboard */ = {
			isa = PBXVariantGroup;
			children = (
				197D7EC81D10574400646FF0 /* Base */,
			);
			name = LaunchScreen.storyboard;
			sourceTree = "<group>";
		};
/* End PBXVariantGroup section */

/* Begin XCBuildConfiguration section */
		197D7ED61D10574400646FF0 /* Debug */ = {
			isa = XCBuildConfiguration;
			buildSettings = {
				ALWAYS_SEARCH_USER_PATHS = NO;
				CLANG_ANALYZER_NONNULL = YES;
				CLANG_CXX_LANGUAGE_STANDARD = "gnu++0x";
				CLANG_CXX_LIBRARY = "libc++";
				CLANG_ENABLE_MODULES = YES;
				CLANG_ENABLE_OBJC_ARC = YES;
				CLANG_WARN_BOOL_CONVERSION = YES;
				CLANG_WARN_CONSTANT_CONVERSION = YES;
				CLANG_WARN_DIRECT_OBJC_ISA_USAGE = YES_ERROR;
				CLANG_WARN_EMPTY_BODY = YES;
				CLANG_WARN_ENUM_CONVERSION = YES;
				CLANG_WARN_INT_CONVERSION = YES;
				CLANG_WARN_OBJC_ROOT_CLASS = YES_ERROR;
				CLANG_WARN_UNREACHABLE_CODE = YES;
				CLANG_WARN__DUPLICATE_METHOD_MATCH = YES;
				"CODE_SIGN_IDENTITY[sdk=iphoneos*]" = "iPhone Developer";
				COPY_PHASE_STRIP = NO;
				DEBUG_INFORMATION_FORMAT = dwarf;
				ENABLE_STRICT_OBJC_MSGSEND = YES;
				ENABLE_TESTABILITY = YES;
				GCC_C_LANGUAGE_STANDARD = gnu99;
				GCC_DYNAMIC_NO_PIC = NO;
				GCC_NO_COMMON_BLOCKS = YES;
				GCC_OPTIMIZATION_LEVEL = 0;
				GCC_PREPROCESSOR_DEFINITIONS = (
					"DEBUG=1",
					"$(inherited)",
				);
				GCC_WARN_64_TO_32_BIT_CONVERSION = YES;
				GCC_WARN_ABOUT_RETURN_TYPE = YES_ERROR;
				GCC_WARN_UNDECLARED_SELECTOR = YES;
				GCC_WARN_UNINITIALIZED_AUTOS = YES_AGGRESSIVE;
				GCC_WARN_UNUSED_FUNCTION = YES;
				GCC_WARN_UNUSED_VARIABLE = YES;
				IPHONEOS_DEPLOYMENT_TARGET = 9.3;
				MTL_ENABLE_DEBUG_INFO = YES;
				ONLY_ACTIVE_ARCH = YES;
				SDKROOT = iphoneos;
				SWIFT_OPTIMIZATION_LEVEL = "-Onone";
			};
			name = Debug;
		};
		197D7ED71D10574400646FF0 /* Release */ = {
			isa = XCBuildConfiguration;
			buildSettings = {
				ALWAYS_SEARCH_USER_PATHS = NO;
				CLANG_ANALYZER_NONNULL = YES;
				CLANG_CXX_LANGUAGE_STANDARD = "gnu++0x";
				CLANG_CXX_LIBRARY = "libc++";
				CLANG_ENABLE_MODULES = YES;
				CLANG_ENABLE_OBJC_ARC = YES;
				CLANG_WARN_BOOL_CONVERSION = YES;
				CLANG_WARN_CONSTANT_CONVERSION = YES;
				CLANG_WARN_DIRECT_OBJC_ISA_USAGE = YES_ERROR;
				CLANG_WARN_EMPTY_BODY = YES;
				CLANG_WARN_ENUM_CONVERSION = YES;
				CLANG_WARN_INT_CONVERSION = YES;
				CLANG_WARN_OBJC_ROOT_CLASS = YES_ERROR;
				CLANG_WARN_UNREACHABLE_CODE = YES;
				CLANG_WARN__DUPLICATE_METHOD_MATCH = YES;
				"CODE_SIGN_IDENTITY[sdk=iphoneos*]" = "iPhone Developer";
				COPY_PHASE_STRIP = NO;
				DEBUG_INFORMATION_FORMAT = "dwarf-with-dsym";
				ENABLE_NS_ASSERTIONS = NO;
				ENABLE_STRICT_OBJC_MSGSEND = YES;
				GCC_C_LANGUAGE_STANDARD = gnu99;
				GCC_NO_COMMON_BLOCKS = YES;
				GCC_WARN_64_TO_32_BIT_CONVERSION = YES;
				GCC_WARN_ABOUT_RETURN_TYPE = YES_ERROR;
				GCC_WARN_UNDECLARED_SELECTOR = YES;
				GCC_WARN_UNINITIALIZED_AUTOS = YES_AGGRESSIVE;
				GCC_WARN_UNUSED_FUNCTION = YES;
				GCC_WARN_UNUSED_VARIABLE = YES;
				IPHONEOS_DEPLOYMENT_TARGET = 9.3;
				MTL_ENABLE_DEBUG_INFO = NO;
				SDKROOT = iphoneos;
				VALIDATE_PRODUCT = YES;
			};
			name = Release;
		};
		197D7ED91D10574400646FF0 /* Debug */ = {
			isa = XCBuildConfiguration;
			buildSettings = {
				ASSETCATALOG_COMPILER_APPICON_NAME = AppIcon;
				CODE_SIGN_IDENTITY = "iPhone Developer";
				"CODE_SIGN_IDENTITY[sdk=iphoneos*]" = "iPhone Developer";
				INFOPLIST_FILE = stopwatch/Info.plist;
				LD_RUNPATH_SEARCH_PATHS = "$(inherited) @executable_path/Frameworks";
				PRODUCT_BUNDLE_IDENTIFIER = com.toggl.stopwatch;
				PRODUCT_NAME = "$(TARGET_NAME)";
				PROVISIONING_PROFILE = "";
			};
			name = Debug;
		};
		197D7EDA1D10574400646FF0 /* Release */ = {
			isa = XCBuildConfiguration;
			buildSettings = {
				ASSETCATALOG_COMPILER_APPICON_NAME = AppIcon;
				CODE_SIGN_IDENTITY = "iPhone Developer";
				"CODE_SIGN_IDENTITY[sdk=iphoneos*]" = "iPhone Distribution";
				INFOPLIST_FILE = stopwatch/Info.plist;
				LD_RUNPATH_SEARCH_PATHS = "$(inherited) @executable_path/Frameworks";
				MTL_ENABLE_DEBUG_INFO = NO;
				PRODUCT_BUNDLE_IDENTIFIER = com.toggl.stopwatch;
				PRODUCT_NAME = "$(TARGET_NAME)";
				PROVISIONING_PROFILE = "";
			};
			name = Release;
		};
		197D7EDC1D10574400646FF0 /* Debug */ = {
			isa = XCBuildConfiguration;
			buildSettings = {
				BUNDLE_LOADER = "$(TEST_HOST)";
				INFOPLIST_FILE = stopwatchTests/Info.plist;
				LD_RUNPATH_SEARCH_PATHS = "$(inherited) @executable_path/Frameworks @loader_path/Frameworks";
				PRODUCT_BUNDLE_IDENTIFIER = com.toggl.stopwatchTests;
				PRODUCT_NAME = "$(TARGET_NAME)";
				TEST_HOST = "$(BUILT_PRODUCTS_DIR)/stopwatch.app/stopwatch";
			};
			name = Debug;
		};
		197D7EDD1D10574400646FF0 /* Release */ = {
			isa = XCBuildConfiguration;
			buildSettings = {
				BUNDLE_LOADER = "$(TEST_HOST)";
				INFOPLIST_FILE = stopwatchTests/Info.plist;
				LD_RUNPATH_SEARCH_PATHS = "$(inherited) @executable_path/Frameworks @loader_path/Frameworks";
				PRODUCT_BUNDLE_IDENTIFIER = com.toggl.stopwatchTests;
				PRODUCT_NAME = "$(TARGET_NAME)";
				TEST_HOST = "$(BUILT_PRODUCTS_DIR)/stopwatch.app/stopwatch";
			};
			name = Release;
		};
/* End XCBuildConfiguration section */

/* Begin XCConfigurationList section */
		197D7EB61D10574400646FF0 /* Build configuration list for PBXProject "stopwatch" */ = {
			isa = XCConfigurationList;
			buildConfigurations = (
				197D7ED61D10574400646FF0 /* Debug */,
				197D7ED71D10574400646FF0 /* Release */,
			);
			defaultConfigurationIsVisible = 0;
			defaultConfigurationName = Release;
		};
		197D7ED81D10574400646FF0 /* Build configuration list for PBXNativeTarget "stopwatch" */ = {
			isa = XCConfigurationList;
			buildConfigurations = (
				197D7ED91D10574400646FF0 /* Debug */,
				197D7EDA1D10574400646FF0 /* Release */,
			);
			defaultConfigurationIsVisible = 0;
			defaultConfigurationName = Release;
		};
		197D7EDB1D10574400646FF0 /* Build configuration list for PBXNativeTarget "stopwatchTests" */ = {
			isa = XCConfigurationList;
			buildConfigurations = (
				197D7EDC1D10574400646FF0 /* Debug */,
				197D7EDD1D10574400646FF0 /* Release */,
			);
			defaultConfigurationIsVisible = 0;
			defaultConfigurationName = Release;
		};
/* End XCConfigurationList section */
	};
	rootObject = 197D7EB31D10574400646FF0 /* Project object */;
}
